
Microsoft Visual Studio Solution File, Format Version 12.00
# Visual Studio Version 17
VisualStudioVersion = 17.14.36109.1 d17.14
MinimumVisualStudioVersion = 10.0.40219.1
Project("{FAE04EC0-301F-11D3-BF4B-00C04F79EFBC}") = "EggyUI-Setup", "EggyUI-Setup.csproj", "{F5F67B92-48E5-313F-DDBE-AF54FB579EFF}"
EndProject
Global
	GlobalSection(SolutionConfigurationPlatforms) = preSolution
		Debug|Any CPU = Debug|Any CPU
		Release|Any CPU = Release|Any CPU
	EndGlobalSection
	GlobalSection(ProjectConfigurationPlatforms) = postSolution
		{F5F67B92-48E5-313F-DDBE-AF54FB579EFF}.Debug|Any CPU.ActiveCfg = Debug|Any CPU
		{F5F67B92-48E5-313F-DDBE-AF54FB579EFF}.Debug|Any CPU.Build.0 = Debug|Any CPU
		{F5F67B92-48E5-313F-DDBE-AF54FB579EFF}.Release|Any CPU.ActiveCfg = Release|Any CPU
		{F5F67B92-48E5-313F-DDBE-AF54FB579EFF}.Release|Any CPU.Build.0 = Release|Any CPU
	EndGlobalSection
	GlobalSection(SolutionProperties) = preSolution
		HideSolutionNode = FALSE
	EndGlobalSection
	GlobalSection(ExtensibilityGlobals) = postSolution
		SolutionGuid = {72CD6A5E-A759-4428-83AD-FED1273E6E29}
	EndGlobalSection
EndGlobal
